github.com/PeterCullenBurbery/go-functions v0.4.0 h1:pocDiDzfB00U8YE05zRoMLUWFW5o5GANY6OsxYpWku4=
github.com/PeterCullenBurbery/go-functions v0.4.0/go.mod h1:io6IHhm8CR+Y64eOkUsvsrVVHbz3/lnZK1lzg5H/j7M=
github.com/PeterCullenBurbery/go-functions v0.5.0 h1:cymLfqioJD4pqLEIXemgNCviaHBseUVFiqeD2SBcMbo=
github.com/PeterCullenBurbery/go-functions v0.5.0/go.mod h1:io6IHhm8CR+Y64eOkUsvsrVVHbz3/lnZK1lzg5H/j7M=
github.com/PeterCullenBurbery/go-functions v0.5.1 h1:jD6GX9XhyJVN0czjoYewaDAe8MrM8W0mnsKh1YuGRy4=
github.com/PeterCullenBurbery/go-functions v0.5.1/go.mod h1:io6IHhm8CR+Y64eOkUsvsrVVHbz3/lnZK1lzg5H/j7M=
gopkg.in/check.v1 v0.0.0-20161208181325-20d25e280405 h1:yhCVgyC4o1eVCa2tZl7eS0r+SDo693bJlVdllGtEeKM=
gopkg.in/check.v1 v0.0.0-20161208181325-20d25e280405/go.mod h1:Co6ibVJAznAaIkqp8huTwlJQCZ016jof/cbN4VW5Yz0=
gopkg.in/yaml.v3 v3.0.1 h1:fxVm/GzAzEWqLHuvctI91KS9hhNmmWOoWu0XTYJS7CA=
gopkg.in/yaml.v3 v3.0.1/go.mod h1:K4uyk7z7BCEPqu6E+C64Yfv1cQ7kz7rIZviUmN+EgEM=
